
Microsoft Visual Studio Solution File, Format Version 12.00
# Visual Studio Version 17
VisualStudioVersion = 17.14.36616.10 d17.14
MinimumVisualStudioVersion = 10.0.40219.1
Project("{FAE04EC0-301F-11D3-BF4B-00C04F79EFBC}") = "h9", "h9\h9.csproj", "{680589DE-CE08-4C95-9E0D-3A65AA5C4896}"
EndProject
Global
	GlobalSection(SolutionConfigurationPlatforms) = preSolution
		Debug|Any CPU = Debug|Any CPU
		Release|Any CPU = Release|Any CPU
	EndGlobalSection
	GlobalSection(ProjectConfigurationPlatforms) = postSolution
		{680589DE-CE08-4C95-9E0D-3A65AA5C4896}.Debug|Any CPU.ActiveCfg = Debug|Any CPU
		{680589DE-CE08-4C95-9E0D-3A65AA5C4896}.Debug|Any CPU.Build.0 = Debug|Any CPU
		{680589DE-CE08-4C95-9E0D-3A65AA5C4896}.Release|Any CPU.ActiveCfg = Release|Any CPU
		{680589DE-CE08-4C95-9E0D-3A65AA5C4896}.Release|Any CPU.Build.0 = Release|Any CPU
	EndGlobalSection
	GlobalSection(SolutionProperties) = preSolution
		HideSolutionNode = FALSE
	EndGlobalSection
	GlobalSection(ExtensibilityGlobals) = postSolution
		SolutionGuid = {EAB98A41-7A94-4AC8-901E-EA30C01F0D59}
	EndGlobalSection
EndGlobal
