
Microsoft Visual Studio Solution File, Format Version 12.00
# Visual Studio Version 17
VisualStudioVersion = 17.14.36616.10 d17.14
MinimumVisualStudioVersion = 10.0.40219.1
Project("{FAE04EC0-301F-11D3-BF4B-00C04F79EFBC}") = "test2", "test2\test2.csproj", "{AF205BB5-83D2-4AF8-BAB1-934DBE049504}"
EndProject
Global
	GlobalSection(SolutionConfigurationPlatforms) = preSolution
		Debug|Any CPU = Debug|Any CPU
		Release|Any CPU = Release|Any CPU
	EndGlobalSection
	GlobalSection(ProjectConfigurationPlatforms) = postSolution
		{AF205BB5-83D2-4AF8-BAB1-934DBE049504}.Debug|Any CPU.ActiveCfg = Debug|Any CPU
		{AF205BB5-83D2-4AF8-BAB1-934DBE049504}.Debug|Any CPU.Build.0 = Debug|Any CPU
		{AF205BB5-83D2-4AF8-BAB1-934DBE049504}.Release|Any CPU.ActiveCfg = Release|Any CPU
		{AF205BB5-83D2-4AF8-BAB1-934DBE049504}.Release|Any CPU.Build.0 = Release|Any CPU
	EndGlobalSection
	GlobalSection(SolutionProperties) = preSolution
		HideSolutionNode = FALSE
	EndGlobalSection
	GlobalSection(ExtensibilityGlobals) = postSolution
		SolutionGuid = {37B47058-5C92-47F8-918C-78DA4AC873B6}
	EndGlobalSection
EndGlobal
